
Microsoft Visual Studio Solution File, Format Version 12.00
# Visual Studio Version 17
VisualStudioVersion = 17.9.34728.123
MinimumVisualStudioVersion = 10.0.40219.1
Project("{FAE04EC0-301F-11D3-BF4B-00C04F79EFBC}") = "BlazorTest", "BlazorTest\BlazorTest.csproj", "{DEF467B0-103A-44EF-A510-682FE0C91531}"
EndProject
Global
	GlobalSection(SolutionConfigurationPlatforms) = preSolution
		Debug|Any CPU = Debug|Any CPU
		Release|Any CPU = Release|Any CPU
	EndGlobalSection
	GlobalSection(ProjectConfigurationPlatforms) = postSolution
		{DEF467B0-103A-44EF-A510-682FE0C91531}.Debug|Any CPU.ActiveCfg = Debug|Any CPU
		{DEF467B0-103A-44EF-A510-682FE0C91531}.Debug|Any CPU.Build.0 = Debug|Any CPU
		{DEF467B0-103A-44EF-A510-682FE0C91531}.Release|Any CPU.ActiveCfg = Release|Any CPU
		{DEF467B0-103A-44EF-A510-682FE0C91531}.Release|Any CPU.Build.0 = Release|Any CPU
	EndGlobalSection
	GlobalSection(SolutionProperties) = preSolution
		HideSolutionNode = FALSE
	EndGlobalSection
	GlobalSection(ExtensibilityGlobals) = postSolution
		SolutionGuid = {68F1307D-3987-4A51-AC75-15CD23FDFADC}
	EndGlobalSection
EndGlobal
